
Microsoft Visual Studio Solution File, Format Version 12.00
# Visual Studio Version 17
VisualStudioVersion = 17.0.31912.275
MinimumVisualStudioVersion = 10.0.40219.1
Project("{FAE04EC0-301F-11D3-BF4B-00C04F79EFBC}") = "CorrecaoBanco", "CorrecaoBanco.csproj", "{99E73602-6112-42AA-B045-AF25C36A2031}"
EndProject
Global
	GlobalSection(SolutionConfigurationPlatforms) = preSolution
		Debug|Any CPU = Debug|Any CPU
		Release|Any CPU = Release|Any CPU
	EndGlobalSection
	GlobalSection(ProjectConfigurationPlatforms) = postSolution
		{99E73602-6112-42AA-B045-AF25C36A2031}.Debug|Any CPU.ActiveCfg = Debug|Any CPU
		{99E73602-6112-42AA-B045-AF25C36A2031}.Debug|Any CPU.Build.0 = Debug|Any CPU
		{99E73602-6112-42AA-B045-AF25C36A2031}.Release|Any CPU.ActiveCfg = Release|Any CPU
		{99E73602-6112-42AA-B045-AF25C36A2031}.Release|Any CPU.Build.0 = Release|Any CPU
	EndGlobalSection
	GlobalSection(SolutionProperties) = preSolution
		HideSolutionNode = FALSE
	EndGlobalSection
	GlobalSection(ExtensibilityGlobals) = postSolution
		SolutionGuid = {73675A8F-1430-495A-BA1E-18A0F44320F6}
	EndGlobalSection
EndGlobal
